// !$*UTF8*$!
{
	archiveVersion = 1;
	classes = {
	};
	objectVersion = 50;
	objects = {

/* Begin PBXBuildFile section */
		0D4BB8F8221905E7007B37F8 /* DYZMyCollectionViewController.m in Sources */ = {isa = PBXBuildFile; fileRef = 0D4BB8F7221905E7007B37F8 /* DYZMyCollectionViewController.m */; };
		0D4BB8FB221939AD007B37F8 /* APIMyCollectionList.m in Sources */ = {isa = PBXBuildFile; fileRef = 0D4BB8FA221939AD007B37F8 /* APIMyCollectionList.m */; };
		0D4BB8FE22195E9F007B37F8 /* DYZMyCollectionCell.m in Sources */ = {isa = PBXBuildFile; fileRef = 0D4BB8FD22195E9F007B37F8 /* DYZMyCollectionCell.m */; };
		0D4BB9022219664A007B37F8 /* DYZVipRightsController.m in Sources */ = {isa = PBXBuildFile; fileRef = 0D4BB9012219664A007B37F8 /* DYZVipRightsController.m */; };
		0D72798521F96571001C0768 /* APICoursesList.m in Sources */ = {isa = PBXBuildFile; fileRef = 0D72798421F96571001C0768 /* APICoursesList.m */; };
		0D8683C921F47FF7002E255A /* DYZBaseViewController.m in Sources */ = {isa = PBXBuildFile; fileRef = 0D8683C821F47FF7002E255A /* DYZBaseViewController.m */; };
		0D8683D321F48C9C002E255A /* DYZCoursesTableController.m in Sources */ = {isa = PBXBuildFile; fileRef = 0D8683D121F48C9C002E255A /* DYZCoursesTableController.m */; };
		0D8683D921F48E08002E255A /* DYZBaseTableViewCell.m in Sources */ = {isa = PBXBuildFile; fileRef = 0D8683D821F48E08002E255A /* DYZBaseTableViewCell.m */; };
		0D8683DC21F48E2A002E255A /* DYZCoursesTableCell.m in Sources */ = {isa = PBXBuildFile; fileRef = 0D8683DB21F48E2A002E255A /* DYZCoursesTableCell.m */; };
		0D8683E921F49286002E255A /* DYZNewsTableController.m in Sources */ = {isa = PBXBuildFile; fileRef = 0D8683E821F49286002E255A /* DYZNewsTableController.m */; };
		0D8683EC21F492A7002E255A /* DYZNewsTableCell.m in Sources */ = {isa = PBXBuildFile; fileRef = 0D8683EB21F492A7002E255A /* DYZNewsTableCell.m */; };
		0D8683EF21F492CA002E255A /* APINewsList.m in Sources */ = {isa = PBXBuildFile; fileRef = 0D8683EE21F492CA002E255A /* APINewsList.m */; };
		0DD6131321F850DB00C97464 /* ZFNoramlViewController.m in Sources */ = {isa = PBXBuildFile; fileRef = 0DD6131221F850DB00C97464 /* ZFNoramlViewController.m */; };
		0DD6131821F87C9900C97464 /* DYZMineCell.m in Sources */ = {isa = PBXBuildFile; fileRef = 0DD6131721F87C9900C97464 /* DYZMineCell.m */; };
		A490023BE2A885CCA7A4A7FC /* libPods-DayuDoctor.a in Frameworks */ = {isa = PBXBuildFile; fileRef = E61D83DCA1C420396E061A2E /* libPods-DayuDoctor.a */; };
		C11C643A21F85BB1000D0CB7 /* DYZHeadImageCollectionCell.m in Sources */ = {isa = PBXBuildFile; fileRef = C11C643821F85BB1000D0CB7 /* DYZHeadImageCollectionCell.m */; };
		C11C643B21F85BB1000D0CB7 /* DYZHeadImageCollectionCell.xib in Resources */ = {isa = PBXBuildFile; fileRef = C11C643921F85BB1000D0CB7 /* DYZHeadImageCollectionCell.xib */; };
		C11C643F21F85BC7000D0CB7 /* DYZNewsRollCollectionCell.m in Sources */ = {isa = PBXBuildFile; fileRef = C11C643D21F85BC7000D0CB7 /* DYZNewsRollCollectionCell.m */; };
		C11C644021F85BC7000D0CB7 /* DYZNewsRollCollectionCell.xib in Resources */ = {isa = PBXBuildFile; fileRef = C11C643E21F85BC7000D0CB7 /* DYZNewsRollCollectionCell.xib */; };
		C11C645721F86826000D0CB7 /* APIClassify.m in Sources */ = {isa = PBXBuildFile; fileRef = C11C645621F86826000D0CB7 /* APIClassify.m */; };
		C11C645A21F8752A000D0CB7 /* UIImageView+DYZWebImageView.m in Sources */ = {isa = PBXBuildFile; fileRef = C11C645921F8752A000D0CB7 /* UIImageView+DYZWebImageView.m */; };
		C11C645D21F890D7000D0CB7 /* APIHomeCourseList.m in Sources */ = {isa = PBXBuildFile; fileRef = C11C645C21F890D7000D0CB7 /* APIHomeCourseList.m */; };
		C11C646421F98991000D0CB7 /* APIHomeBanner.m in Sources */ = {isa = PBXBuildFile; fileRef = C11C646321F98991000D0CB7 /* APIHomeBanner.m */; };
		C13A5DE921EDC4DC00493EE7 /* AppDelegate.m in Sources */ = {isa = PBXBuildFile; fileRef = C13A5DE821EDC4DC00493EE7 /* AppDelegate.m */; };
		C13A5DEF21EDC4DC00493EE7 /* Main.storyboard in Resources */ = {isa = PBXBuildFile; fileRef = C13A5DED21EDC4DC00493EE7 /* Main.storyboard */; };
		C13A5DF121EDC4DE00493EE7 /* Assets.xcassets in Resources */ = {isa = PBXBuildFile; fileRef = C13A5DF021EDC4DE00493EE7 /* Assets.xcassets */; };
		C13A5DF421EDC4DE00493EE7 /* LaunchScreen.storyboard in Resources */ = {isa = PBXBuildFile; fileRef = C13A5DF221EDC4DE00493EE7 /* LaunchScreen.storyboard */; };
		C13A5DF721EDC4DE00493EE7 /* main.m in Sources */ = {isa = PBXBuildFile; fileRef = C13A5DF621EDC4DE00493EE7 /* main.m */; };
		C13A5E0121EDC4DE00493EE7 /* DayuDoctorTests.m in Sources */ = {isa = PBXBuildFile; fileRef = C13A5E0021EDC4DE00493EE7 /* DayuDoctorTests.m */; };
		C13A5E0C21EDC4DE00493EE7 /* DayuDoctorUITests.m in Sources */ = {isa = PBXBuildFile; fileRef = C13A5E0B21EDC4DE00493EE7 /* DayuDoctorUITests.m */; };
		C13A5E8421EDCF0D00493EE7 /* LYErrorConfig.m in Sources */ = {isa = PBXBuildFile; fileRef = C13A5E5B21EDCF0D00493EE7 /* LYErrorConfig.m */; };
		C13A5E8521EDCF0D00493EE7 /* LYResponseObject.m in Sources */ = {isa = PBXBuildFile; fileRef = C13A5E5C21EDCF0D00493EE7 /* LYResponseObject.m */; };
		C13A5E8621EDCF0D00493EE7 /* LYInterfaceConfig.m in Sources */ = {isa = PBXBuildFile; fileRef = C13A5E6021EDCF0D00493EE7 /* LYInterfaceConfig.m */; };
		C13A5E8721EDCF0D00493EE7 /* LYParserManager.m in Sources */ = {isa = PBXBuildFile; fileRef = C13A5E6121EDCF0D00493EE7 /* LYParserManager.m */; };
		C13A5E8A21EDCF0D00493EE7 /* ResponseCommon.m in Sources */ = {isa = PBXBuildFile; fileRef = C13A5E6D21EDCF0D00493EE7 /* ResponseCommon.m */; };
		C13A5E8B21EDCF0D00493EE7 /* LYRequestObject.m in Sources */ = {isa = PBXBuildFile; fileRef = C13A5E6E21EDCF0D00493EE7 /* LYRequestObject.m */; };
		C13A5E8F21EDCF9100493EE7 /* NSObject+LYJSONEntity.m in Sources */ = {isa = PBXBuildFile; fileRef = C13A5E8E21EDCF9100493EE7 /* NSObject+LYJSONEntity.m */; };
		C13A5E9221EDD0CC00493EE7 /* NSString+Additions.m in Sources */ = {isa = PBXBuildFile; fileRef = C13A5E9121EDD0CC00493EE7 /* NSString+Additions.m */; };
		C13A5E9521EDD2E400493EE7 /* LYRequestManager.m in Sources */ = {isa = PBXBuildFile; fileRef = C13A5E9321EDD2E400493EE7 /* LYRequestManager.m */; };
		C17E4CC221F990660094CC99 /* DYZClassifyController.xib in Resources */ = {isa = PBXBuildFile; fileRef = C17E4CC121F990660094CC99 /* DYZClassifyController.xib */; };
		C17E4CCC21F9BB7F0094CC99 /* DYZVideoReusableView.m in Sources */ = {isa = PBXBuildFile; fileRef = C17E4CCA21F9BB7F0094CC99 /* DYZVideoReusableView.m */; };
		C17E4CCD21F9BB7F0094CC99 /* DYZVideoReusableView.xib in Resources */ = {isa = PBXBuildFile; fileRef = C17E4CCB21F9BB7F0094CC99 /* DYZVideoReusableView.xib */; };
		C17E4CD021F9BE840094CC99 /* APIClassifyAll.m in Sources */ = {isa = PBXBuildFile; fileRef = C17E4CCF21F9BE840094CC99 /* APIClassifyAll.m */; };
		C1BCDB4F21F6C80D00CDF3EB /* DYZHomeViewController.m in Sources */ = {isa = PBXBuildFile; fileRef = C1BCDB4E21F6C80D00CDF3EB /* DYZHomeViewController.m */; };
		C1BCDB5221F6FEEA00CDF3EB /* UIDeviceHardware.m in Sources */ = {isa = PBXBuildFile; fileRef = C1BCDB5121F6FEE900CDF3EB /* UIDeviceHardware.m */; };
		C1BCDB5921F7049B00CDF3EB /* DYZMainHeaderView.m in Sources */ = {isa = PBXBuildFile; fileRef = C1BCDB5821F7049B00CDF3EB /* DYZMainHeaderView.m */; };
		C1BCDB5B21F704A300CDF3EB /* DYZMainHeaderView.xib in Resources */ = {isa = PBXBuildFile; fileRef = C1BCDB5A21F704A300CDF3EB /* DYZMainHeaderView.xib */; };
		C1BCDB6721F712E700CDF3EB /* DYZMainTabBarController.m in Sources */ = {isa = PBXBuildFile; fileRef = C1BCDB6621F712E700CDF3EB /* DYZMainTabBarController.m */; };
		C1BCDB6E21F7194200CDF3EB /* DYZMineViewController.m in Sources */ = {isa = PBXBuildFile; fileRef = C1BCDB6C21F7194200CDF3EB /* DYZMineViewController.m */; };
		C1BCDB8221F7260D00CDF3EB /* DYZClassifyController.m in Sources */ = {isa = PBXBuildFile; fileRef = C1BCDB8121F7260D00CDF3EB /* DYZClassifyController.m */; };
		C1BCDB8521F7262700CDF3EB /* DYZApplyController.m in Sources */ = {isa = PBXBuildFile; fileRef = C1BCDB8421F7262700CDF3EB /* DYZApplyController.m */; };
		C1BCDB8821F7282700CDF3EB /* DYZMainViewController.m in Sources */ = {isa = PBXBuildFile; fileRef = C1BCDB8721F7282700CDF3EB /* DYZMainViewController.m */; };
		C1BCDB8D21F810B700CDF3EB /* DYZHomeViewController.xib in Resources */ = {isa = PBXBuildFile; fileRef = C1BCDB8C21F810B700CDF3EB /* DYZHomeViewController.xib */; };
		C1BCDB9121F84AC200CDF3EB /* DYZClassifyCollectionCell.m in Sources */ = {isa = PBXBuildFile; fileRef = C1BCDB8F21F84AC200CDF3EB /* DYZClassifyCollectionCell.m */; };
		C1BCDB9221F84AC200CDF3EB /* DYZClassifyCollectionCell.xib in Resources */ = {isa = PBXBuildFile; fileRef = C1BCDB9021F84AC200CDF3EB /* DYZClassifyCollectionCell.xib */; };
		C1BCDB9621F84AD500CDF3EB /* DYZVideoCollectionCell.m in Sources */ = {isa = PBXBuildFile; fileRef = C1BCDB9421F84AD500CDF3EB /* DYZVideoCollectionCell.m */; };
		C1BCDB9721F84AD500CDF3EB /* DYZVideoCollectionCell.xib in Resources */ = {isa = PBXBuildFile; fileRef = C1BCDB9521F84AD500CDF3EB /* DYZVideoCollectionCell.xib */; };
/* End PBXBuildFile section */

/* Begin PBXContainerItemProxy section */
		C13A5DFD21EDC4DE00493EE7 /* PBXContainerItemProxy */ = {
			isa = PBXContainerItemProxy;
			containerPortal = C13A5DDC21EDC4DC00493EE7 /* Project object */;
			proxyType = 1;
			remoteGlobalIDString = C13A5DE321EDC4DC00493EE7;
			remoteInfo = DayuDoctor;
		};
		C13A5E0821EDC4DE00493EE7 /* PBXContainerItemProxy */ = {
			isa = PBXContainerItemProxy;
			containerPortal = C13A5DDC21EDC4DC00493EE7 /* Project object */;
			proxyType = 1;
			remoteGlobalIDString = C13A5DE321EDC4DC00493EE7;
			remoteInfo = DayuDoctor;
		};
/* End PBXContainerItemProxy section */

/* Begin PBXFileReference section */
		0B4CCD65CC6307E2717DA444 /* Pods-DayuDoctor.debug.xcconfig */ = {isa = PBXFileReference; includeInIndex = 1; lastKnownFileType = text.xcconfig; name = "Pods-DayuDoctor.debug.xcconfig"; path = "Pods/Target Support Files/Pods-DayuDoctor/Pods-DayuDoctor.debug.xcconfig"; sourceTree = "<group>"; };
		0D4BB8F6221905E7007B37F8 /* DYZMyCollectionViewController.h */ = {isa = PBXFileReference; lastKnownFileType = sourcecode.c.h; path = DYZMyCollectionViewController.h; sourceTree = "<group>"; };
		0D4BB8F7221905E7007B37F8 /* DYZMyCollectionViewController.m */ = {isa = PBXFileReference; lastKnownFileType = sourcecode.c.objc; path = DYZMyCollectionViewController.m; sourceTree = "<group>"; };
		0D4BB8F9221939AD007B37F8 /* APIMyCollectionList.h */ = {isa = PBXFileReference; lastKnownFileType = sourcecode.c.h; path = APIMyCollectionList.h; sourceTree = "<group>"; };
		0D4BB8FA221939AD007B37F8 /* APIMyCollectionList.m */ = {isa = PBXFileReference; lastKnownFileType = sourcecode.c.objc; path = APIMyCollectionList.m; sourceTree = "<group>"; };
		0D4BB8FC22195E9F007B37F8 /* DYZMyCollectionCell.h */ = {isa = PBXFileReference; lastKnownFileType = sourcecode.c.h; path = DYZMyCollectionCell.h; sourceTree = "<group>"; };
		0D4BB8FD22195E9F007B37F8 /* DYZMyCollectionCell.m */ = {isa = PBXFileReference; lastKnownFileType = sourcecode.c.objc; path = DYZMyCollectionCell.m; sourceTree = "<group>"; };
		0D4BB9002219664A007B37F8 /* DYZVipRightsController.h */ = {isa = PBXFileReference; lastKnownFileType = sourcecode.c.h; path = DYZVipRightsController.h; sourceTree = "<group>"; };
		0D4BB9012219664A007B37F8 /* DYZVipRightsController.m */ = {isa = PBXFileReference; lastKnownFileType = sourcecode.c.objc; path = DYZVipRightsController.m; sourceTree = "<group>"; };
		0D72798321F96571001C0768 /* APICoursesList.h */ = {isa = PBXFileReference; lastKnownFileType = sourcecode.c.h; path = APICoursesList.h; sourceTree = "<group>"; };
		0D72798421F96571001C0768 /* APICoursesList.m */ = {isa = PBXFileReference; lastKnownFileType = sourcecode.c.objc; path = APICoursesList.m; sourceTree = "<group>"; };
		0D8683C721F47FF7002E255A /* DYZBaseViewController.h */ = {isa = PBXFileReference; lastKnownFileType = sourcecode.c.h; path = DYZBaseViewController.h; sourceTree = "<group>"; };
		0D8683C821F47FF7002E255A /* DYZBaseViewController.m */ = {isa = PBXFileReference; lastKnownFileType = sourcecode.c.objc; path = DYZBaseViewController.m; sourceTree = "<group>"; };
		0D8683D121F48C9C002E255A /* DYZCoursesTableController.m */ = {isa = PBXFileReference; fileEncoding = 4; lastKnownFileType = sourcecode.c.objc; path = DYZCoursesTableController.m; sourceTree = "<group>"; };
		0D8683D221F48C9C002E255A /* DYZCoursesTableController.h */ = {isa = PBXFileReference; fileEncoding = 4; lastKnownFileType = sourcecode.c.h; path = DYZCoursesTableController.h; sourceTree = "<group>"; };
		0D8683D721F48E08002E255A /* DYZBaseTableViewCell.h */ = {isa = PBXFileReference; lastKnownFileType = sourcecode.c.h; path = DYZBaseTableViewCell.h; sourceTree = "<group>"; };
		0D8683D821F48E08002E255A /* DYZBaseTableViewCell.m */ = {isa = PBXFileReference; lastKnownFileType = sourcecode.c.objc; path = DYZBaseTableViewCell.m; sourceTree = "<group>"; };
		0D8683DA21F48E2A002E255A /* DYZCoursesTableCell.h */ = {isa = PBXFileReference; lastKnownFileType = sourcecode.c.h; path = DYZCoursesTableCell.h; sourceTree = "<group>"; };
		0D8683DB21F48E2A002E255A /* DYZCoursesTableCell.m */ = {isa = PBXFileReference; lastKnownFileType = sourcecode.c.objc; path = DYZCoursesTableCell.m; sourceTree = "<group>"; };
		0D8683E721F49286002E255A /* DYZNewsTableController.h */ = {isa = PBXFileReference; lastKnownFileType = sourcecode.c.h; path = DYZNewsTableController.h; sourceTree = "<group>"; };
		0D8683E821F49286002E255A /* DYZNewsTableController.m */ = {isa = PBXFileReference; lastKnownFileType = sourcecode.c.objc; path = DYZNewsTableController.m; sourceTree = "<group>"; };
		0D8683EA21F492A7002E255A /* DYZNewsTableCell.h */ = {isa = PBXFileReference; lastKnownFileType = sourcecode.c.h; path = DYZNewsTableCell.h; sourceTree = "<group>"; };
		0D8683EB21F492A7002E255A /* DYZNewsTableCell.m */ = {isa = PBXFileReference; lastKnownFileType = sourcecode.c.objc; path = DYZNewsTableCell.m; sourceTree = "<group>"; };
		0D8683ED21F492CA002E255A /* APINewsList.h */ = {isa = PBXFileReference; lastKnownFileType = sourcecode.c.h; path = APINewsList.h; sourceTree = "<group>"; };
		0D8683EE21F492CA002E255A /* APINewsList.m */ = {isa = PBXFileReference; lastKnownFileType = sourcecode.c.objc; path = APINewsList.m; sourceTree = "<group>"; };
		0DD4851721F6ADB5004812C2 /* PrefixHeader.pch */ = {isa = PBXFileReference; lastKnownFileType = sourcecode.c.h; path = PrefixHeader.pch; sourceTree = "<group>"; };
		0DD6131121F850DB00C97464 /* ZFNoramlViewController.h */ = {isa = PBXFileReference; fileEncoding = 4; lastKnownFileType = sourcecode.c.h; path = ZFNoramlViewController.h; sourceTree = "<group>"; };
		0DD6131221F850DB00C97464 /* ZFNoramlViewController.m */ = {isa = PBXFileReference; fileEncoding = 4; lastKnownFileType = sourcecode.c.objc; path = ZFNoramlViewController.m; sourceTree = "<group>"; };
		0DD6131621F87C9900C97464 /* DYZMineCell.h */ = {isa = PBXFileReference; lastKnownFileType = sourcecode.c.h; path = DYZMineCell.h; sourceTree = "<group>"; };
		0DD6131721F87C9900C97464 /* DYZMineCell.m */ = {isa = PBXFileReference; lastKnownFileType = sourcecode.c.objc; path = DYZMineCell.m; sourceTree = "<group>"; };
		305D416D9155427EF958CAE3 /* Pods-DayuDoctor.release.xcconfig */ = {isa = PBXFileReference; includeInIndex = 1; lastKnownFileType = text.xcconfig; name = "Pods-DayuDoctor.release.xcconfig"; path = "Pods/Target Support Files/Pods-DayuDoctor/Pods-DayuDoctor.release.xcconfig"; sourceTree = "<group>"; };
		C11C643721F85BB1000D0CB7 /* DYZHeadImageCollectionCell.h */ = {isa = PBXFileReference; lastKnownFileType = sourcecode.c.h; path = DYZHeadImageCollectionCell.h; sourceTree = "<group>"; };
		C11C643821F85BB1000D0CB7 /* DYZHeadImageCollectionCell.m */ = {isa = PBXFileReference; lastKnownFileType = sourcecode.c.objc; path = DYZHeadImageCollectionCell.m; sourceTree = "<group>"; };
		C11C643921F85BB1000D0CB7 /* DYZHeadImageCollectionCell.xib */ = {isa = PBXFileReference; lastKnownFileType = file.xib; path = DYZHeadImageCollectionCell.xib; sourceTree = "<group>"; };
		C11C643C21F85BC7000D0CB7 /* DYZNewsRollCollectionCell.h */ = {isa = PBXFileReference; lastKnownFileType = sourcecode.c.h; path = DYZNewsRollCollectionCell.h; sourceTree = "<group>"; };
		C11C643D21F85BC7000D0CB7 /* DYZNewsRollCollectionCell.m */ = {isa = PBXFileReference; lastKnownFileType = sourcecode.c.objc; path = DYZNewsRollCollectionCell.m; sourceTree = "<group>"; };
		C11C643E21F85BC7000D0CB7 /* DYZNewsRollCollectionCell.xib */ = {isa = PBXFileReference; lastKnownFileType = file.xib; path = DYZNewsRollCollectionCell.xib; sourceTree = "<group>"; };
		C11C645521F86826000D0CB7 /* APIClassify.h */ = {isa = PBXFileReference; lastKnownFileType = sourcecode.c.h; path = APIClassify.h; sourceTree = "<group>"; };
		C11C645621F86826000D0CB7 /* APIClassify.m */ = {isa = PBXFileReference; lastKnownFileType = sourcecode.c.objc; path = APIClassify.m; sourceTree = "<group>"; };
		C11C645821F8752A000D0CB7 /* UIImageView+DYZWebImageView.h */ = {isa = PBXFileReference; lastKnownFileType = sourcecode.c.h; path = "UIImageView+DYZWebImageView.h"; sourceTree = "<group>"; };
		C11C645921F8752A000D0CB7 /* UIImageView+DYZWebImageView.m */ = {isa = PBXFileReference; lastKnownFileType = sourcecode.c.objc; path = "UIImageView+DYZWebImageView.m"; sourceTree = "<group>"; };
		C11C645B21F890D7000D0CB7 /* APIHomeCourseList.h */ = {isa = PBXFileReference; lastKnownFileType = sourcecode.c.h; path = APIHomeCourseList.h; sourceTree = "<group>"; };
		C11C645C21F890D7000D0CB7 /* APIHomeCourseList.m */ = {isa = PBXFileReference; lastKnownFileType = sourcecode.c.objc; path = APIHomeCourseList.m; sourceTree = "<group>"; };
		C11C646221F98991000D0CB7 /* APIHomeBanner.h */ = {isa = PBXFileReference; lastKnownFileType = sourcecode.c.h; path = APIHomeBanner.h; sourceTree = "<group>"; };
		C11C646321F98991000D0CB7 /* APIHomeBanner.m */ = {isa = PBXFileReference; lastKnownFileType = sourcecode.c.objc; path = APIHomeBanner.m; sourceTree = "<group>"; };
		C13A5DE421EDC4DC00493EE7 /* DayuDoctor.app */ = {isa = PBXFileReference; explicitFileType = wrapper.application; includeInIndex = 0; path = DayuDoctor.app; sourceTree = BUILT_PRODUCTS_DIR; };
		C13A5DE721EDC4DC00493EE7 /* AppDelegate.h */ = {isa = PBXFileReference; lastKnownFileType = sourcecode.c.h; path = AppDelegate.h; sourceTree = "<group>"; };
		C13A5DE821EDC4DC00493EE7 /* AppDelegate.m */ = {isa = PBXFileReference; lastKnownFileType = sourcecode.c.objc; path = AppDelegate.m; sourceTree = "<group>"; };
		C13A5DEE21EDC4DC00493EE7 /* Base */ = {isa = PBXFileReference; lastKnownFileType = file.storyboard; name = Base; path = Base.lproj/Main.storyboard; sourceTree = "<group>"; };
		C13A5DF021EDC4DE00493EE7 /* Assets.xcassets */ = {isa = PBXFileReference; lastKnownFileType = folder.assetcatalog; path = Assets.xcassets; sourceTree = "<group>"; };
		C13A5DF321EDC4DE00493EE7 /* Base */ = {isa = PBXFileReference; lastKnownFileType = file.storyboard; name = Base; path = Base.lproj/LaunchScreen.storyboard; sourceTree = "<group>"; };
		C13A5DF521EDC4DE00493EE7 /* Info.plist */ = {isa = PBXFileReference; lastKnownFileType = text.plist.xml; path = Info.plist; sourceTree = "<group>"; };
		C13A5DF621EDC4DE00493EE7 /* main.m */ = {isa = PBXFileReference; lastKnownFileType = sourcecode.c.objc; path = main.m; sourceTree = "<group>"; };
		C13A5DFC21EDC4DE00493EE7 /* DayuDoctorTests.xctest */ = {isa = PBXFileReference; explicitFileType = wrapper.cfbundle; includeInIndex = 0; path = DayuDoctorTests.xctest; sourceTree = BUILT_PRODUCTS_DIR; };
		C13A5E0021EDC4DE00493EE7 /* DayuDoctorTests.m */ = {isa = PBXFileReference; lastKnownFileType = sourcecode.c.objc; path = DayuDoctorTests.m; sourceTree = "<group>"; };
		C13A5E0221EDC4DE00493EE7 /* Info.plist */ = {isa = PBXFileReference; lastKnownFileType = text.plist.xml; path = Info.plist; sourceTree = "<group>"; };
		C13A5E0721EDC4DE00493EE7 /* DayuDoctorUITests.xctest */ = {isa = PBXFileReference; explicitFileType = wrapper.cfbundle; includeInIndex = 0; path = DayuDoctorUITests.xctest; sourceTree = BUILT_PRODUCTS_DIR; };
		C13A5E0B21EDC4DE00493EE7 /* DayuDoctorUITests.m */ = {isa = PBXFileReference; lastKnownFileType = sourcecode.c.objc; path = DayuDoctorUITests.m; sourceTree = "<group>"; };
		C13A5E0D21EDC4DE00493EE7 /* Info.plist */ = {isa = PBXFileReference; lastKnownFileType = text.plist.xml; path = Info.plist; sourceTree = "<group>"; };
		C13A5E5B21EDCF0D00493EE7 /* LYErrorConfig.m */ = {isa = PBXFileReference; fileEncoding = 4; lastKnownFileType = sourcecode.c.objc; path = LYErrorConfig.m; sourceTree = "<group>"; };
		C13A5E5C21EDCF0D00493EE7 /* LYResponseObject.m */ = {isa = PBXFileReference; fileEncoding = 4; lastKnownFileType = sourcecode.c.objc; path = LYResponseObject.m; sourceTree = "<group>"; };
		C13A5E5E21EDCF0D00493EE7 /* LYRequestObject.h */ = {isa = PBXFileReference; fileEncoding = 4; lastKnownFileType = sourcecode.c.h; path = LYRequestObject.h; sourceTree = "<group>"; };
		C13A5E5F21EDCF0D00493EE7 /* ResponseCommon.h */ = {isa = PBXFileReference; fileEncoding = 4; lastKnownFileType = sourcecode.c.h; path = ResponseCommon.h; sourceTree = "<group>"; };
		C13A5E6021EDCF0D00493EE7 /* LYInterfaceConfig.m */ = {isa = PBXFileReference; fileEncoding = 4; lastKnownFileType = sourcecode.c.objc; path = LYInterfaceConfig.m; sourceTree = "<group>"; };
		C13A5E6121EDCF0D00493EE7 /* LYParserManager.m */ = {isa = PBXFileReference; fileEncoding = 4; lastKnownFileType = sourcecode.c.objc; path = LYParserManager.m; sourceTree = "<group>"; };
		C13A5E6221EDCF0D00493EE7 /* LYRequestMethodProtocol.h */ = {isa = PBXFileReference; fileEncoding = 4; lastKnownFileType = sourcecode.c.h; path = LYRequestMethodProtocol.h; sourceTree = "<group>"; };
		C13A5E6921EDCF0D00493EE7 /* LYErrorConfig.h */ = {isa = PBXFileReference; fileEncoding = 4; lastKnownFileType = sourcecode.c.h; path = LYErrorConfig.h; sourceTree = "<group>"; };
		C13A5E6A21EDCF0D00493EE7 /* LYNetwork.h */ = {isa = PBXFileReference; fileEncoding = 4; lastKnownFileType = sourcecode.c.h; path = LYNetwork.h; sourceTree = "<group>"; };
		C13A5E6B21EDCF0D00493EE7 /* LYResponseObject.h */ = {isa = PBXFileReference; fileEncoding = 4; lastKnownFileType = sourcecode.c.h; path = LYResponseObject.h; sourceTree = "<group>"; };
		C13A5E6C21EDCF0D00493EE7 /* LYInterfaceConfig.h */ = {isa = PBXFileReference; fileEncoding = 4; lastKnownFileType = sourcecode.c.h; path = LYInterfaceConfig.h; sourceTree = "<group>"; };
		C13A5E6D21EDCF0D00493EE7 /* ResponseCommon.m */ = {isa = PBXFileReference; fileEncoding = 4; lastKnownFileType = sourcecode.c.objc; path = ResponseCommon.m; sourceTree = "<group>"; };
		C13A5E6E21EDCF0D00493EE7 /* LYRequestObject.m */ = {isa = PBXFileReference; fileEncoding = 4; lastKnownFileType = sourcecode.c.objc; path = LYRequestObject.m; sourceTree = "<group>"; };
		C13A5E7021EDCF0D00493EE7 /* LYJSONEntityElementProtocol.h */ = {isa = PBXFileReference; fileEncoding = 4; lastKnownFileType = sourcecode.c.h; path = LYJSONEntityElementProtocol.h; sourceTree = "<group>"; };
		C13A5E7121EDCF0D00493EE7 /* LYParserManager.h */ = {isa = PBXFileReference; fileEncoding = 4; lastKnownFileType = sourcecode.c.h; path = LYParserManager.h; sourceTree = "<group>"; };
		C13A5E8D21EDCF9000493EE7 /* NSObject+LYJSONEntity.h */ = {isa = PBXFileReference; fileEncoding = 4; lastKnownFileType = sourcecode.c.h; path = "NSObject+LYJSONEntity.h"; sourceTree = "<group>"; };
		C13A5E8E21EDCF9100493EE7 /* NSObject+LYJSONEntity.m */ = {isa = PBXFileReference; fileEncoding = 4; lastKnownFileType = sourcecode.c.objc; path = "NSObject+LYJSONEntity.m"; sourceTree = "<group>"; };
		C13A5E9021EDD0CC00493EE7 /* NSString+Additions.h */ = {isa = PBXFileReference; fileEncoding = 4; lastKnownFileType = sourcecode.c.h; path = "NSString+Additions.h"; sourceTree = "<group>"; };
		C13A5E9121EDD0CC00493EE7 /* NSString+Additions.m */ = {isa = PBXFileReference; fileEncoding = 4; lastKnownFileType = sourcecode.c.objc; path = "NSString+Additions.m"; sourceTree = "<group>"; };
		C13A5E9321EDD2E400493EE7 /* LYRequestManager.m */ = {isa = PBXFileReference; fileEncoding = 4; lastKnownFileType = sourcecode.c.objc; path = LYRequestManager.m; sourceTree = "<group>"; };
		C13A5E9421EDD2E400493EE7 /* LYRequestManager.h */ = {isa = PBXFileReference; fileEncoding = 4; lastKnownFileType = sourcecode.c.h; path = LYRequestManager.h; sourceTree = "<group>"; };
		C17E4CC121F990660094CC99 /* DYZClassifyController.xib */ = {isa = PBXFileReference; lastKnownFileType = file.xib; path = DYZClassifyController.xib; sourceTree = "<group>"; };
		C17E4CC921F9BB7F0094CC99 /* DYZVideoReusableView.h */ = {isa = PBXFileReference; lastKnownFileType = sourcecode.c.h; path = DYZVideoReusableView.h; sourceTree = "<group>"; };
		C17E4CCA21F9BB7F0094CC99 /* DYZVideoReusableView.m */ = {isa = PBXFileReference; lastKnownFileType = sourcecode.c.objc; path = DYZVideoReusableView.m; sourceTree = "<group>"; };
		C17E4CCB21F9BB7F0094CC99 /* DYZVideoReusableView.xib */ = {isa = PBXFileReference; lastKnownFileType = file.xib; path = DYZVideoReusableView.xib; sourceTree = "<group>"; };
		C17E4CCE21F9BE840094CC99 /* APIClassifyAll.h */ = {isa = PBXFileReference; lastKnownFileType = sourcecode.c.h; path = APIClassifyAll.h; sourceTree = "<group>"; };
		C17E4CCF21F9BE840094CC99 /* APIClassifyAll.m */ = {isa = PBXFileReference; lastKnownFileType = sourcecode.c.objc; path = APIClassifyAll.m; sourceTree = "<group>"; };
		C1BCDB4D21F6C80D00CDF3EB /* DYZHomeViewController.h */ = {isa = PBXFileReference; lastKnownFileType = sourcecode.c.h; path = DYZHomeViewController.h; sourceTree = "<group>"; };
		C1BCDB4E21F6C80D00CDF3EB /* DYZHomeViewController.m */ = {isa = PBXFileReference; lastKnownFileType = sourcecode.c.objc; path = DYZHomeViewController.m; sourceTree = "<group>"; };
		C1BCDB5021F6FEE900CDF3EB /* UIDeviceHardware.h */ = {isa = PBXFileReference; fileEncoding = 4; lastKnownFileType = sourcecode.c.h; path = UIDeviceHardware.h; sourceTree = "<group>"; };
		C1BCDB5121F6FEE900CDF3EB /* UIDeviceHardware.m */ = {isa = PBXFileReference; fileEncoding = 4; lastKnownFileType = sourcecode.c.objc; path = UIDeviceHardware.m; sourceTree = "<group>"; };
		C1BCDB5721F7049B00CDF3EB /* DYZMainHeaderView.h */ = {isa = PBXFileReference; lastKnownFileType = sourcecode.c.h; path = DYZMainHeaderView.h; sourceTree = "<group>"; };
		C1BCDB5821F7049B00CDF3EB /* DYZMainHeaderView.m */ = {isa = PBXFileReference; lastKnownFileType = sourcecode.c.objc; path = DYZMainHeaderView.m; sourceTree = "<group>"; };
		C1BCDB5A21F704A300CDF3EB /* DYZMainHeaderView.xib */ = {isa = PBXFileReference; lastKnownFileType = file.xib; path = DYZMainHeaderView.xib; sourceTree = "<group>"; };
		C1BCDB5D21F7079B00CDF3EB /* General.h */ = {isa = PBXFileReference; lastKnownFileType = sourcecode.c.h; path = General.h; sourceTree = "<group>"; };
		C1BCDB6521F712E700CDF3EB /* DYZMainTabBarController.h */ = {isa = PBXFileReference; lastKnownFileType = sourcecode.c.h; path = DYZMainTabBarController.h; sourceTree = "<group>"; };
		C1BCDB6621F712E700CDF3EB /* DYZMainTabBarController.m */ = {isa = PBXFileReference; lastKnownFileType = sourcecode.c.objc; path = DYZMainTabBarController.m; sourceTree = "<group>"; };
		C1BCDB6B21F7194200CDF3EB /* DYZMineViewController.h */ = {isa = PBXFileReference; lastKnownFileType = sourcecode.c.h; path = DYZMineViewController.h; sourceTree = "<group>"; };
		C1BCDB6C21F7194200CDF3EB /* DYZMineViewController.m */ = {isa = PBXFileReference; lastKnownFileType = sourcecode.c.objc; path = DYZMineViewController.m; sourceTree = "<group>"; };
		C1BCDB8021F7260D00CDF3EB /* DYZClassifyController.h */ = {isa = PBXFileReference; lastKnownFileType = sourcecode.c.h; path = DYZClassifyController.h; sourceTree = "<group>"; };
		C1BCDB8121F7260D00CDF3EB /* DYZClassifyController.m */ = {isa = PBXFileReference; lastKnownFileType = sourcecode.c.objc; path = DYZClassifyController.m; sourceTree = "<group>"; };
		C1BCDB8321F7262700CDF3EB /* DYZApplyController.h */ = {isa = PBXFileReference; lastKnownFileType = sourcecode.c.h; path = DYZApplyController.h; sourceTree = "<group>"; };
		C1BCDB8421F7262700CDF3EB /* DYZApplyController.m */ = {isa = PBXFileReference; lastKnownFileType = sourcecode.c.objc; path = DYZApplyController.m; sourceTree = "<group>"; };
		C1BCDB8621F7282700CDF3EB /* DYZMainViewController.h */ = {isa = PBXFileReference; lastKnownFileType = sourcecode.c.h; path = DYZMainViewController.h; sourceTree = "<group>"; };
		C1BCDB8721F7282700CDF3EB /* DYZMainViewController.m */ = {isa = PBXFileReference; lastKnownFileType = sourcecode.c.objc; path = DYZMainViewController.m; sourceTree = "<group>"; };
		C1BCDB8C21F810B700CDF3EB /* DYZHomeViewController.xib */ = {isa = PBXFileReference; lastKnownFileType = file.xib; path = DYZHomeViewController.xib; sourceTree = "<group>"; };
		C1BCDB8E21F84AC200CDF3EB /* DYZClassifyCollectionCell.h */ = {isa = PBXFileReference; lastKnownFileType = sourcecode.c.h; path = DYZClassifyCollectionCell.h; sourceTree = "<group>"; };
		C1BCDB8F21F84AC200CDF3EB /* DYZClassifyCollectionCell.m */ = {isa = PBXFileReference; lastKnownFileType = sourcecode.c.objc; path = DYZClassifyCollectionCell.m; sourceTree = "<group>"; };
		C1BCDB9021F84AC200CDF3EB /* DYZClassifyCollectionCell.xib */ = {isa = PBXFileReference; lastKnownFileType = file.xib; path = DYZClassifyCollectionCell.xib; sourceTree = "<group>"; };
		C1BCDB9321F84AD500CDF3EB /* DYZVideoCollectionCell.h */ = {isa = PBXFileReference; lastKnownFileType = sourcecode.c.h; path = DYZVideoCollectionCell.h; sourceTree = "<group>"; };
		C1BCDB9421F84AD500CDF3EB /* DYZVideoCollectionCell.m */ = {isa = PBXFileReference; lastKnownFileType = sourcecode.c.objc; path = DYZVideoCollectionCell.m; sourceTree = "<group>"; };
		C1BCDB9521F84AD500CDF3EB /* DYZVideoCollectionCell.xib */ = {isa = PBXFileReference; lastKnownFileType = file.xib; path = DYZVideoCollectionCell.xib; sourceTree = "<group>"; };
		E61D83DCA1C420396E061A2E /* libPods-DayuDoctor.a */ = {isa = PBXFileReference; explicitFileType = archive.ar; includeInIndex = 0; path = "libPods-DayuDoctor.a"; sourceTree = BUILT_PRODUCTS_DIR; };
/* End PBXFileReference section */

/* Begin PBXFrameworksBuildPhase section */
		C13A5DE121EDC4DC00493EE7 /* Frameworks */ = {
			isa = PBXFrameworksBuildPhase;
			buildActionMask = 2147483647;
			files = (
				A490023BE2A885CCA7A4A7FC /* libPods-DayuDoctor.a in Frameworks */,
			);
			runOnlyForDeploymentPostprocessing = 0;
		};
		C13A5DF921EDC4DE00493EE7 /* Frameworks */ = {
			isa = PBXFrameworksBuildPhase;
			buildActionMask = 2147483647;
			files = (
			);
			runOnlyForDeploymentPostprocessing = 0;
		};
		C13A5E0421EDC4DE00493EE7 /* Frameworks */ = {
			isa = PBXFrameworksBuildPhase;
			buildActionMask = 2147483647;
			files = (
			);
			runOnlyForDeploymentPostprocessing = 0;
		};
/* End PBXFrameworksBuildPhase section */

/* Begin PBXGroup section */
		0D4BB8F5221905B5007B37F8 /* MyCollection */ = {
			isa = PBXGroup;
			children = (
				0D4BB8F6221905E7007B37F8 /* DYZMyCollectionViewController.h */,
				0D4BB8F7221905E7007B37F8 /* DYZMyCollectionViewController.m */,
				0D4BB8FC22195E9F007B37F8 /* DYZMyCollectionCell.h */,
				0D4BB8FD22195E9F007B37F8 /* DYZMyCollectionCell.m */,
			);
			name = MyCollection;
			path = DayuDoctor/ViewControllers/MyCollection;
			sourceTree = SOURCE_ROOT;
		};
		0D4BB8FF221965F6007B37F8 /* VIP */ = {
			isa = PBXGroup;
			children = (
				0D4BB9002219664A007B37F8 /* DYZVipRightsController.h */,
				0D4BB9012219664A007B37F8 /* DYZVipRightsController.m */,
			);
			path = VIP;
			sourceTree = "<group>";
		};
		0D8683C121F47809002E255A /* CommonView */ = {
			isa = PBXGroup;
			children = (
			);
			path = CommonView;
			sourceTree = "<group>";
		};
		0D8683C221F4780A002E255A /* EntityAPI */ = {
			isa = PBXGroup;
			children = (
				0D8683ED21F492CA002E255A /* APINewsList.h */,
				0D8683EE21F492CA002E255A /* APINewsList.m */,
				0D72798321F96571001C0768 /* APICoursesList.h */,
				0D72798421F96571001C0768 /* APICoursesList.m */,
				C11C645521F86826000D0CB7 /* APIClassify.h */,
				C11C645621F86826000D0CB7 /* APIClassify.m */,
				C17E4CCE21F9BE840094CC99 /* APIClassifyAll.h */,
				C17E4CCF21F9BE840094CC99 /* APIClassifyAll.m */,
				C11C645B21F890D7000D0CB7 /* APIHomeCourseList.h */,
				C11C645C21F890D7000D0CB7 /* APIHomeCourseList.m */,
				0D4BB8F9221939AD007B37F8 /* APIMyCollectionList.h */,
				0D4BB8FA221939AD007B37F8 /* APIMyCollectionList.m */,
				C11C646221F98991000D0CB7 /* APIHomeBanner.h */,
				C11C646321F98991000D0CB7 /* APIHomeBanner.m */,
				0D8683C321F4780A002E255A /* TestData */,
			);
			path = EntityAPI;
			sourceTree = "<group>";
		};
		0D8683C321F4780A002E255A /* TestData */ = {
			isa = PBXGroup;
			children = (
			);
			path = TestData;
			sourceTree = "<group>";
		};
		0D8683C421F4780A002E255A /* Utility */ = {
			isa = PBXGroup;
			children = (
				C1BCDB5021F6FEE900CDF3EB /* UIDeviceHardware.h */,
				C1BCDB5121F6FEE900CDF3EB /* UIDeviceHardware.m */,
			);
			path = Utility;
			sourceTree = "<group>";
		};
		0D8683C521F4780A002E255A /* ViewControllers */ = {
			isa = PBXGroup;
			children = (
				0D8683C721F47FF7002E255A /* DYZBaseViewController.h */,
				0D8683C821F47FF7002E255A /* DYZBaseViewController.m */,
				0D8683D721F48E08002E255A /* DYZBaseTableViewCell.h */,
				0D8683D821F48E08002E255A /* DYZBaseTableViewCell.m */,
				0DD6131021F84FE200C97464 /* Player */,
				C1BCDB4C21F6C75C00CDF3EB /* Home */,
				C1BCDB4B21F6C75C00CDF3EB /* Mine */,
				0D8683E621F4925F002E255A /* News */,
				0D8683D021F48C9C002E255A /* MyCourses */,
			);
			path = ViewControllers;
			sourceTree = "<group>";
		};
		0D8683D021F48C9C002E255A /* MyCourses */ = {
			isa = PBXGroup;
			children = (
				0D8683D221F48C9C002E255A /* DYZCoursesTableController.h */,
				0D8683D121F48C9C002E255A /* DYZCoursesTableController.m */,
				0D8683DA21F48E2A002E255A /* DYZCoursesTableCell.h */,
				0D8683DB21F48E2A002E255A /* DYZCoursesTableCell.m */,
			);
			path = MyCourses;
			sourceTree = "<group>";
		};
		0D8683E621F4925F002E255A /* News */ = {
			isa = PBXGroup;
			children = (
				0D8683E721F49286002E255A /* DYZNewsTableController.h */,
				0D8683E821F49286002E255A /* DYZNewsTableController.m */,
				0D8683EA21F492A7002E255A /* DYZNewsTableCell.h */,
				0D8683EB21F492A7002E255A /* DYZNewsTableCell.m */,
			);
			name = News;
			path = DayuDoctor/ViewControllers/News;
			sourceTree = SOURCE_ROOT;
		};
		0DD6131021F84FE200C97464 /* Player */ = {
			isa = PBXGroup;
			children = (
				0DD6131121F850DB00C97464 /* ZFNoramlViewController.h */,
				0DD6131221F850DB00C97464 /* ZFNoramlViewController.m */,
			);
			path = Player;
			sourceTree = "<group>";
		};
		314EABF77613AAA31738B4BB /* Pods */ = {
			isa = PBXGroup;
			children = (
				0B4CCD65CC6307E2717DA444 /* Pods-DayuDoctor.debug.xcconfig */,
				305D416D9155427EF958CAE3 /* Pods-DayuDoctor.release.xcconfig */,
			);
			name = Pods;
			sourceTree = "<group>";
		};
		C13A5DDB21EDC4DC00493EE7 = {
			isa = PBXGroup;
			children = (
				C13A5DE621EDC4DC00493EE7 /* DayuDoctor */,
				C13A5DFF21EDC4DE00493EE7 /* DayuDoctorTests */,
				C13A5E0A21EDC4DE00493EE7 /* DayuDoctorUITests */,
				C13A5DE521EDC4DC00493EE7 /* Products */,
				314EABF77613AAA31738B4BB /* Pods */,
				DE64592D20BE65AAC0C144F1 /* Frameworks */,
			);
			sourceTree = "<group>";
		};
		C13A5DE521EDC4DC00493EE7 /* Products */ = {
			isa = PBXGroup;
			children = (
				C13A5DE421EDC4DC00493EE7 /* DayuDoctor.app */,
				C13A5DFC21EDC4DE00493EE7 /* DayuDoctorTests.xctest */,
				C13A5E0721EDC4DE00493EE7 /* DayuDoctorUITests.xctest */,
			);
			name = Products;
			sourceTree = "<group>";
		};
		C13A5DE621EDC4DC00493EE7 /* DayuDoctor */ = {
			isa = PBXGroup;
			children = (
				0D8683C121F47809002E255A /* CommonView */,
				0D8683C221F4780A002E255A /* EntityAPI */,
				C1BCDB5C21F7078500CDF3EB /* General */,
				0D8683C421F4780A002E255A /* Utility */,
				0D8683C521F4780A002E255A /* ViewControllers */,
				C13A5E1921EDC75000493EE7 /* Category */,
				C13A5E2021EDCC9900493EE7 /* FrameworkService */,
				C13A5DE721EDC4DC00493EE7 /* AppDelegate.h */,
				C13A5DE821EDC4DC00493EE7 /* AppDelegate.m */,
				C13A5DF021EDC4DE00493EE7 /* Assets.xcassets */,
				C13A5DF521EDC4DE00493EE7 /* Info.plist */,
				C13A5DF221EDC4DE00493EE7 /* LaunchScreen.storyboard */,
				C13A5DF621EDC4DE00493EE7 /* main.m */,
				C13A5DED21EDC4DC00493EE7 /* Main.storyboard */,
			);
			path = DayuDoctor;
			sourceTree = "<group>";
		};
		C13A5DFF21EDC4DE00493EE7 /* DayuDoctorTests */ = {
			isa = PBXGroup;
			children = (
				C13A5E0021EDC4DE00493EE7 /* DayuDoctorTests.m */,
				C13A5E0221EDC4DE00493EE7 /* Info.plist */,
			);
			path = DayuDoctorTests;
			sourceTree = "<group>";
		};
		C13A5E0A21EDC4DE00493EE7 /* DayuDoctorUITests */ = {
			isa = PBXGroup;
			children = (
				C13A5E0B21EDC4DE00493EE7 /* DayuDoctorUITests.m */,
				C13A5E0D21EDC4DE00493EE7 /* Info.plist */,
			);
			path = DayuDoctorUITests;
			sourceTree = "<group>";
		};
		C13A5E1921EDC75000493EE7 /* Category */ = {
			isa = PBXGroup;
			children = (
				C13A5E9021EDD0CC00493EE7 /* NSString+Additions.h */,
				C13A5E9121EDD0CC00493EE7 /* NSString+Additions.m */,
				C11C645821F8752A000D0CB7 /* UIImageView+DYZWebImageView.h */,
				C11C645921F8752A000D0CB7 /* UIImageView+DYZWebImageView.m */,
			);
			path = Category;
			sourceTree = "<group>";
		};
		C13A5E2021EDCC9900493EE7 /* FrameworkService */ = {
			isa = PBXGroup;
			children = (
				C13A5E5921EDCF0D00493EE7 /* LYNetworking */,
			);
			path = FrameworkService;
			sourceTree = "<group>";
		};
		C13A5E5921EDCF0D00493EE7 /* LYNetworking */ = {
			isa = PBXGroup;
			children = (
				C13A5E9421EDD2E400493EE7 /* LYRequestManager.h */,
				C13A5E9321EDD2E400493EE7 /* LYRequestManager.m */,
				C13A5E6921EDCF0D00493EE7 /* LYErrorConfig.h */,
				C13A5E5B21EDCF0D00493EE7 /* LYErrorConfig.m */,
				C13A5E6C21EDCF0D00493EE7 /* LYInterfaceConfig.h */,
				C13A5E6021EDCF0D00493EE7 /* LYInterfaceConfig.m */,
				C13A5E7021EDCF0D00493EE7 /* LYJSONEntityElementProtocol.h */,
				C13A5E6A21EDCF0D00493EE7 /* LYNetwork.h */,
				C13A5E7121EDCF0D00493EE7 /* LYParserManager.h */,
				C13A5E6121EDCF0D00493EE7 /* LYParserManager.m */,
				C13A5E6221EDCF0D00493EE7 /* LYRequestMethodProtocol.h */,
				C13A5E5E21EDCF0D00493EE7 /* LYRequestObject.h */,
				C13A5E6E21EDCF0D00493EE7 /* LYRequestObject.m */,
				C13A5E6B21EDCF0D00493EE7 /* LYResponseObject.h */,
				C13A5E5C21EDCF0D00493EE7 /* LYResponseObject.m */,
				C13A5E8D21EDCF9000493EE7 /* NSObject+LYJSONEntity.h */,
				C13A5E8E21EDCF9100493EE7 /* NSObject+LYJSONEntity.m */,
				C13A5E5F21EDCF0D00493EE7 /* ResponseCommon.h */,
				C13A5E6D21EDCF0D00493EE7 /* ResponseCommon.m */,
			);
			path = LYNetworking;
			sourceTree = "<group>";
		};
		C1BCDB4B21F6C75C00CDF3EB /* Mine */ = {
			isa = PBXGroup;
			children = (
				0D4BB8FF221965F6007B37F8 /* VIP */,
				0D4BB8F5221905B5007B37F8 /* MyCollection */,
				C1BCDB6B21F7194200CDF3EB /* DYZMineViewController.h */,
				C1BCDB6C21F7194200CDF3EB /* DYZMineViewController.m */,
				0DD6131621F87C9900C97464 /* DYZMineCell.h */,
				0DD6131721F87C9900C97464 /* DYZMineCell.m */,
			);
			path = Mine;
			sourceTree = "<group>";
		};
		C1BCDB4C21F6C75C00CDF3EB /* Home */ = {
			isa = PBXGroup;
			children = (
				C1BCDB8B21F8107600CDF3EB /* Cell */,
				C1BCDB5321F7036800CDF3EB /* View */,
				C1BCDB6521F712E700CDF3EB /* DYZMainTabBarController.h */,
				C1BCDB6621F712E700CDF3EB /* DYZMainTabBarController.m */,
				C1BCDB8621F7282700CDF3EB /* DYZMainViewController.h */,
				C1BCDB8721F7282700CDF3EB /* DYZMainViewController.m */,
				C1BCDB4D21F6C80D00CDF3EB /* DYZHomeViewController.h */,
				C1BCDB4E21F6C80D00CDF3EB /* DYZHomeViewController.m */,
				C1BCDB8C21F810B700CDF3EB /* DYZHomeViewController.xib */,
				C1BCDB8021F7260D00CDF3EB /* DYZClassifyController.h */,
				C1BCDB8121F7260D00CDF3EB /* DYZClassifyController.m */,
				C17E4CC121F990660094CC99 /* DYZClassifyController.xib */,
				C1BCDB8321F7262700CDF3EB /* DYZApplyController.h */,
				C1BCDB8421F7262700CDF3EB /* DYZApplyController.m */,
			);
			path = Home;
			sourceTree = "<group>";
		};
		C1BCDB5321F7036800CDF3EB /* View */ = {
			isa = PBXGroup;
			children = (
				C1BCDB5721F7049B00CDF3EB /* DYZMainHeaderView.h */,
				C1BCDB5821F7049B00CDF3EB /* DYZMainHeaderView.m */,
				C1BCDB5A21F704A300CDF3EB /* DYZMainHeaderView.xib */,
				C17E4CC921F9BB7F0094CC99 /* DYZVideoReusableView.h */,
				C17E4CCA21F9BB7F0094CC99 /* DYZVideoReusableView.m */,
				C17E4CCB21F9BB7F0094CC99 /* DYZVideoReusableView.xib */,
			);
			path = View;
			sourceTree = "<group>";
		};
		C1BCDB5C21F7078500CDF3EB /* General */ = {
			isa = PBXGroup;
			children = (
				C1BCDB5D21F7079B00CDF3EB /* General.h */,
				0DD4851721F6ADB5004812C2 /* PrefixHeader.pch */,
			);
			path = General;
			sourceTree = "<group>";
		};
		C1BCDB8B21F8107600CDF3EB /* Cell */ = {
			isa = PBXGroup;
			children = (
				C1BCDB8E21F84AC200CDF3EB /* DYZClassifyCollectionCell.h */,
				C1BCDB8F21F84AC200CDF3EB /* DYZClassifyCollectionCell.m */,
				C1BCDB9021F84AC200CDF3EB /* DYZClassifyCollectionCell.xib */,
				C1BCDB9321F84AD500CDF3EB /* DYZVideoCollectionCell.h */,
				C1BCDB9421F84AD500CDF3EB /* DYZVideoCollectionCell.m */,
				C1BCDB9521F84AD500CDF3EB /* DYZVideoCollectionCell.xib */,
				C11C643721F85BB1000D0CB7 /* DYZHeadImageCollectionCell.h */,
				C11C643821F85BB1000D0CB7 /* DYZHeadImageCollectionCell.m */,
				C11C643921F85BB1000D0CB7 /* DYZHeadImageCollectionCell.xib */,
				C11C643C21F85BC7000D0CB7 /* DYZNewsRollCollectionCell.h */,
				C11C643D21F85BC7000D0CB7 /* DYZNewsRollCollectionCell.m */,
				C11C643E21F85BC7000D0CB7 /* DYZNewsRollCollectionCell.xib */,
			);
			path = Cell;
			sourceTree = "<group>";
		};
		DE64592D20BE65AAC0C144F1 /* Frameworks */ = {
			isa = PBXGroup;
			children = (
				E61D83DCA1C420396E061A2E /* libPods-DayuDoctor.a */,
			);
			name = Frameworks;
			sourceTree = "<group>";
		};
/* End PBXGroup section */

/* Begin PBXNativeTarget section */
		C13A5DE321EDC4DC00493EE7 /* DayuDoctor */ = {
			isa = PBXNativeTarget;
			buildConfigurationList = C13A5E1021EDC4DE00493EE7 /* Build configuration list for PBXNativeTarget "DayuDoctor" */;
			buildPhases = (
				55DC9FBFA217161925800B0C /* [CP] Check Pods Manifest.lock */,
				C13A5DE021EDC4DC00493EE7 /* Sources */,
				C13A5DE121EDC4DC00493EE7 /* Frameworks */,
				C13A5DE221EDC4DC00493EE7 /* Resources */,
				6F1E610D5DEA6A73B941712B /* [CP] Copy Pods Resources */,
			);
			buildRules = (
			);
			dependencies = (
			);
			name = DayuDoctor;
			productName = DayuDoctor;
			productReference = C13A5DE421EDC4DC00493EE7 /* DayuDoctor.app */;
			productType = "com.apple.product-type.application";
		};
		C13A5DFB21EDC4DE00493EE7 /* DayuDoctorTests */ = {
			isa = PBXNativeTarget;
			buildConfigurationList = C13A5E1321EDC4DE00493EE7 /* Build configuration list for PBXNativeTarget "DayuDoctorTests" */;
			buildPhases = (
				C13A5DF821EDC4DE00493EE7 /* Sources */,
				C13A5DF921EDC4DE00493EE7 /* Frameworks */,
				C13A5DFA21EDC4DE00493EE7 /* Resources */,
			);
			buildRules = (
			);
			dependencies = (
				C13A5DFE21EDC4DE00493EE7 /* PBXTargetDependency */,
			);
			name = DayuDoctorTests;
			productName = DayuDoctorTests;
			productReference = C13A5DFC21EDC4DE00493EE7 /* DayuDoctorTests.xctest */;
			productType = "com.apple.product-type.bundle.unit-test";
		};
		C13A5E0621EDC4DE00493EE7 /* DayuDoctorUITests */ = {
			isa = PBXNativeTarget;
			buildConfigurationList = C13A5E1621EDC4DE00493EE7 /* Build configuration list for PBXNativeTarget "DayuDoctorUITests" */;
			buildPhases = (
				C13A5E0321EDC4DE00493EE7 /* Sources */,
				C13A5E0421EDC4DE00493EE7 /* Frameworks */,
				C13A5E0521EDC4DE00493EE7 /* Resources */,
			);
			buildRules = (
			);
			dependencies = (
				C13A5E0921EDC4DE00493EE7 /* PBXTargetDependency */,
			);
			name = DayuDoctorUITests;
			productName = DayuDoctorUITests;
			productReference = C13A5E0721EDC4DE00493EE7 /* DayuDoctorUITests.xctest */;
			productType = "com.apple.product-type.bundle.ui-testing";
		};
/* End PBXNativeTarget section */

/* Begin PBXProject section */
		C13A5DDC21EDC4DC00493EE7 /* Project object */ = {
			isa = PBXProject;
			attributes = {
				CLASSPREFIX = DYZ;
				LastUpgradeCheck = 1010;
				ORGANIZATIONNAME = "大禹中医";
				TargetAttributes = {
					C13A5DE321EDC4DC00493EE7 = {
						CreatedOnToolsVersion = 10.1;
					};
					C13A5DFB21EDC4DE00493EE7 = {
						CreatedOnToolsVersion = 10.1;
						TestTargetID = C13A5DE321EDC4DC00493EE7;
					};
					C13A5E0621EDC4DE00493EE7 = {
						CreatedOnToolsVersion = 10.1;
						TestTargetID = C13A5DE321EDC4DC00493EE7;
					};
				};
			};
			buildConfigurationList = C13A5DDF21EDC4DC00493EE7 /* Build configuration list for PBXProject "DayuDoctor" */;
			compatibilityVersion = "Xcode 9.3";
			developmentRegion = en;
			hasScannedForEncodings = 0;
			knownRegions = (
				en,
				Base,
			);
			mainGroup = C13A5DDB21EDC4DC00493EE7;
			productRefGroup = C13A5DE521EDC4DC00493EE7 /* Products */;
			projectDirPath = "";
			projectRoot = "";
			targets = (
				C13A5DE321EDC4DC00493EE7 /* DayuDoctor */,
				C13A5DFB21EDC4DE00493EE7 /* DayuDoctorTests */,
				C13A5E0621EDC4DE00493EE7 /* DayuDoctorUITests */,
			);
		};
/* End PBXProject section */

/* Begin PBXResourcesBuildPhase section */
		C13A5DE221EDC4DC00493EE7 /* Resources */ = {
			isa = PBXResourcesBuildPhase;
			buildActionMask = 2147483647;
			files = (
				C13A5DF421EDC4DE00493EE7 /* LaunchScreen.storyboard in Resources */,
				C1BCDB9721F84AD500CDF3EB /* DYZVideoCollectionCell.xib in Resources */,
				C1BCDB8D21F810B700CDF3EB /* DYZHomeViewController.xib in Resources */,
				C13A5DF121EDC4DE00493EE7 /* Assets.xcassets in Resources */,
				C1BCDB5B21F704A300CDF3EB /* DYZMainHeaderView.xib in Resources */,
				C17E4CC221F990660094CC99 /* DYZClassifyController.xib in Resources */,
				C13A5DEF21EDC4DC00493EE7 /* Main.storyboard in Resources */,
				C11C643B21F85BB1000D0CB7 /* DYZHeadImageCollectionCell.xib in Resources */,
				C11C644021F85BC7000D0CB7 /* DYZNewsRollCollectionCell.xib in Resources */,
				C17E4CCD21F9BB7F0094CC99 /* DYZVideoReusableView.xib in Resources */,
				C1BCDB9221F84AC200CDF3EB /* DYZClassifyCollectionCell.xib in Resources */,
			);
			runOnlyForDeploymentPostprocessing = 0;
		};
		C13A5DFA21EDC4DE00493EE7 /* Resources */ = {
			isa = PBXResourcesBuildPhase;
			buildActionMask = 2147483647;
			files = (
			);
			runOnlyForDeploymentPostprocessing = 0;
		};
		C13A5E0521EDC4DE00493EE7 /* Resources */ = {
			isa = PBXResourcesBuildPhase;
			buildActionMask = 2147483647;
			files = (
			);
			runOnlyForDeploymentPostprocessing = 0;
		};
/* End PBXResourcesBuildPhase section */

/* Begin PBXShellScriptBuildPhase section */
		55DC9FBFA217161925800B0C /* [CP] Check Pods Manifest.lock */ = {
			isa = PBXShellScriptBuildPhase;
			buildActionMask = 2147483647;
			files = (
			);
			inputPaths = (
				"${PODS_PODFILE_DIR_PATH}/Podfile.lock",
				"${PODS_ROOT}/Manifest.lock",
			);
			name = "[CP] Check Pods Manifest.lock";
			outputPaths = (
				"$(DERIVED_FILE_DIR)/Pods-DayuDoctor-checkManifestLockResult.txt",
			);
			runOnlyForDeploymentPostprocessing = 0;
			shellPath = /bin/sh;
			shellScript = "diff \"${PODS_PODFILE_DIR_PATH}/Podfile.lock\" \"${PODS_ROOT}/Manifest.lock\" > /dev/null\nif [ $? != 0 ] ; then\n    # print error to STDERR\n    echo \"error: The sandbox is not in sync with the Podfile.lock. Run 'pod install' or update your CocoaPods installation.\" >&2\n    exit 1\nfi\n# This output is used by Xcode 'outputs' to avoid re-running this script phase.\necho \"SUCCESS\" > \"${SCRIPT_OUTPUT_FILE_0}\"\n";
			showEnvVarsInLog = 0;
		};
		6F1E610D5DEA6A73B941712B /* [CP] Copy Pods Resources */ = {
			isa = PBXShellScriptBuildPhase;
			buildActionMask = 2147483647;
			files = (
			);
			inputPaths = (
				"${SRCROOT}/Pods/Target Support Files/Pods-DayuDoctor/Pods-DayuDoctor-resources.sh",
				"${PODS_ROOT}/MJRefresh/MJRefresh/MJRefresh.bundle",
				"${PODS_ROOT}/ZFPlayer/ZFPlayer/Classes/ControlView/ZFPlayer.bundle",
			);
			name = "[CP] Copy Pods Resources";
			outputPaths = (
				"${TARGET_BUILD_DIR}/${UNLOCALIZED_RESOURCES_FOLDER_PATH}/MJRefresh.bundle",
				"${TARGET_BUILD_DIR}/${UNLOCALIZED_RESOURCES_FOLDER_PATH}/ZFPlayer.bundle",
			);
			runOnlyForDeploymentPostprocessing = 0;
			shellPath = /bin/sh;
			shellScript = "\"${SRCROOT}/Pods/Target Support Files/Pods-DayuDoctor/Pods-DayuDoctor-resources.sh\"\n";
			showEnvVarsInLog = 0;
		};
/* End PBXShellScriptBuildPhase section */

/* Begin PBXSourcesBuildPhase section */
		C13A5DE021EDC4DC00493EE7 /* Sources */ = {
			isa = PBXSourcesBuildPhase;
			buildActionMask = 2147483647;
			files = (
				C11C643A21F85BB1000D0CB7 /* DYZHeadImageCollectionCell.m in Sources */,
				C13A5E8721EDCF0D00493EE7 /* LYParserManager.m in Sources */,
				C1BCDB9121F84AC200CDF3EB /* DYZClassifyCollectionCell.m in Sources */,
				C1BCDB6721F712E700CDF3EB /* DYZMainTabBarController.m in Sources */,
				C11C645A21F8752A000D0CB7 /* UIImageView+DYZWebImageView.m in Sources */,
				C1BCDB8521F7262700CDF3EB /* DYZApplyController.m in Sources */,
				C1BCDB9621F84AD500CDF3EB /* DYZVideoCollectionCell.m in Sources */,
				C1BCDB4F21F6C80D00CDF3EB /* DYZHomeViewController.m in Sources */,
				C13A5E8621EDCF0D00493EE7 /* LYInterfaceConfig.m in Sources */,
				0D4BB8FB221939AD007B37F8 /* APIMyCollectionList.m in Sources */,
				0D8683DC21F48E2A002E255A /* DYZCoursesTableCell.m in Sources */,
				C13A5E9221EDD0CC00493EE7 /* NSString+Additions.m in Sources */,
				C11C645D21F890D7000D0CB7 /* APIHomeCourseList.m in Sources */,
				C1BCDB8221F7260D00CDF3EB /* DYZClassifyController.m in Sources */,
				C1BCDB8821F7282700CDF3EB /* DYZMainViewController.m in Sources */,
				0D8683EF21F492CA002E255A /* APINewsList.m in Sources */,
				C11C643F21F85BC7000D0CB7 /* DYZNewsRollCollectionCell.m in Sources */,
				C13A5DF721EDC4DE00493EE7 /* main.m in Sources */,
				C1BCDB6E21F7194200CDF3EB /* DYZMineViewController.m in Sources */,
				0D4BB8F8221905E7007B37F8 /* DYZMyCollectionViewController.m in Sources */,
				0D72798521F96571001C0768 /* APICoursesList.m in Sources */,
				0D4BB9022219664A007B37F8 /* DYZVipRightsController.m in Sources */,
				0D8683D921F48E08002E255A /* DYZBaseTableViewCell.m in Sources */,
				C13A5DE921EDC4DC00493EE7 /* AppDelegate.m in Sources */,
				C17E4CCC21F9BB7F0094CC99 /* DYZVideoReusableView.m in Sources */,
				C13A5E8521EDCF0D00493EE7 /* LYResponseObject.m in Sources */,
				C11C646421F98991000D0CB7 /* APIHomeBanner.m in Sources */,
				C13A5E8B21EDCF0D00493EE7 /* LYRequestObject.m in Sources */,
				C13A5E8F21EDCF9100493EE7 /* NSObject+LYJSONEntity.m in Sources */,
				0D8683EC21F492A7002E255A /* DYZNewsTableCell.m in Sources */,
				C11C645721F86826000D0CB7 /* APIClassify.m in Sources */,
				C1BCDB5221F6FEEA00CDF3EB /* UIDeviceHardware.m in Sources */,
				0D8683D321F48C9C002E255A /* DYZCoursesTableController.m in Sources */,
				0DD6131821F87C9900C97464 /* DYZMineCell.m in Sources */,
				C13A5E9521EDD2E400493EE7 /* LYRequestManager.m in Sources */,
				C17E4CD021F9BE840094CC99 /* APIClassifyAll.m in Sources */,
				0D8683E921F49286002E255A /* DYZNewsTableController.m in Sources */,
				C13A5E8A21EDCF0D00493EE7 /* ResponseCommon.m in Sources */,
				0D4BB8FE22195E9F007B37F8 /* DYZMyCollectionCell.m in Sources */,
				C13A5E8421EDCF0D00493EE7 /* LYErrorConfig.m in Sources */,
				C1BCDB5921F7049B00CDF3EB /* DYZMainHeaderView.m in Sources */,
				0D8683C921F47FF7002E255A /* DYZBaseViewController.m in Sources */,
				0DD6131321F850DB00C97464 /* ZFNoramlViewController.m in Sources */,
			);
			runOnlyForDeploymentPostprocessing = 0;
		};
		C13A5DF821EDC4DE00493EE7 /* Sources */ = {
			isa = PBXSourcesBuildPhase;
			buildActionMask = 2147483647;
			files = (
				C13A5E0121EDC4DE00493EE7 /* DayuDoctorTests.m in Sources */,
			);
			runOnlyForDeploymentPostprocessing = 0;
		};
		C13A5E0321EDC4DE00493EE7 /* Sources */ = {
			isa = PBXSourcesBuildPhase;
			buildActionMask = 2147483647;
			files = (
				C13A5E0C21EDC4DE00493EE7 /* DayuDoctorUITests.m in Sources */,
			);
			runOnlyForDeploymentPostprocessing = 0;
		};
/* End PBXSourcesBuildPhase section */

/* Begin PBXTargetDependency section */
		C13A5DFE21EDC4DE00493EE7 /* PBXTargetDependency */ = {
			isa = PBXTargetDependency;
			target = C13A5DE321EDC4DC00493EE7 /* DayuDoctor */;
			targetProxy = C13A5DFD21EDC4DE00493EE7 /* PBXContainerItemProxy */;
		};
		C13A5E0921EDC4DE00493EE7 /* PBXTargetDependency */ = {
			isa = PBXTargetDependency;
			target = C13A5DE321EDC4DC00493EE7 /* DayuDoctor */;
			targetProxy = C13A5E0821EDC4DE00493EE7 /* PBXContainerItemProxy */;
		};
/* End PBXTargetDependency section */

/* Begin PBXVariantGroup section */
		C13A5DED21EDC4DC00493EE7 /* Main.storyboard */ = {
			isa = PBXVariantGroup;
			children = (
				C13A5DEE21EDC4DC00493EE7 /* Base */,
			);
			name = Main.storyboard;
			sourceTree = "<group>";
		};
		C13A5DF221EDC4DE00493EE7 /* LaunchScreen.storyboard */ = {
			isa = PBXVariantGroup;
			children = (
				C13A5DF321EDC4DE00493EE7 /* Base */,
			);
			name = LaunchScreen.storyboard;
			sourceTree = "<group>";
		};
/* End PBXVariantGroup section */

/* Begin XCBuildConfiguration section */
		C13A5E0E21EDC4DE00493EE7 /* Debug */ = {
			isa = XCBuildConfiguration;
			buildSettings = {
				ALWAYS_SEARCH_USER_PATHS = NO;
				CLANG_ANALYZER_NONNULL = YES;
				CLANG_ANALYZER_NUMBER_OBJECT_CONVERSION = YES_AGGRESSIVE;
				CLANG_CXX_LANGUAGE_STANDARD = "gnu++14";
				CLANG_CXX_LIBRARY = "libc++";
				CLANG_ENABLE_MODULES = YES;
				CLANG_ENABLE_OBJC_ARC = YES;
				CLANG_ENABLE_OBJC_WEAK = YES;
				CLANG_WARN_BLOCK_CAPTURE_AUTORELEASING = YES;
				CLANG_WARN_BOOL_CONVERSION = YES;
				CLANG_WARN_COMMA = YES;
				CLANG_WARN_CONSTANT_CONVERSION = YES;
				CLANG_WARN_DEPRECATED_OBJC_IMPLEMENTATIONS = YES;
				CLANG_WARN_DIRECT_OBJC_ISA_USAGE = YES_ERROR;
				CLANG_WARN_DOCUMENTATION_COMMENTS = YES;
				CLANG_WARN_EMPTY_BODY = YES;
				CLANG_WARN_ENUM_CONVERSION = YES;
				CLANG_WARN_INFINITE_RECURSION = YES;
				CLANG_WARN_INT_CONVERSION = YES;
				CLANG_WARN_NON_LITERAL_NULL_CONVERSION = YES;
				CLANG_WARN_OBJC_IMPLICIT_RETAIN_SELF = YES;
				CLANG_WARN_OBJC_LITERAL_CONVERSION = YES;
				CLANG_WARN_OBJC_ROOT_CLASS = YES_ERROR;
				CLANG_WARN_RANGE_LOOP_ANALYSIS = YES;
				CLANG_WARN_STRICT_PROTOTYPES = YES;
				CLANG_WARN_SUSPICIOUS_MOVE = YES;
				CLANG_WARN_UNGUARDED_AVAILABILITY = YES_AGGRESSIVE;
				CLANG_WARN_UNREACHABLE_CODE = YES;
				CLANG_WARN__DUPLICATE_METHOD_MATCH = YES;
				CODE_SIGN_IDENTITY = "iPhone Developer";
				COPY_PHASE_STRIP = NO;
				DEBUG_INFORMATION_FORMAT = dwarf;
				ENABLE_STRICT_OBJC_MSGSEND = YES;
				ENABLE_TESTABILITY = YES;
				GCC_C_LANGUAGE_STANDARD = gnu11;
				GCC_DYNAMIC_NO_PIC = NO;
				GCC_NO_COMMON_BLOCKS = YES;
				GCC_OPTIMIZATION_LEVEL = 0;
				GCC_PREPROCESSOR_DEFINITIONS = (
					"DEBUG=1",
					"$(inherited)",
				);
				GCC_WARN_64_TO_32_BIT_CONVERSION = YES;
				GCC_WARN_ABOUT_RETURN_TYPE = YES_ERROR;
				GCC_WARN_UNDECLARED_SELECTOR = YES;
				GCC_WARN_UNINITIALIZED_AUTOS = YES_AGGRESSIVE;
				GCC_WARN_UNUSED_FUNCTION = YES;
				GCC_WARN_UNUSED_VARIABLE = YES;
				IPHONEOS_DEPLOYMENT_TARGET = 12.1;
				MTL_ENABLE_DEBUG_INFO = INCLUDE_SOURCE;
				MTL_FAST_MATH = YES;
				ONLY_ACTIVE_ARCH = YES;
				SDKROOT = iphoneos;
			};
			name = Debug;
		};
		C13A5E0F21EDC4DE00493EE7 /* Release */ = {
			isa = XCBuildConfiguration;
			buildSettings = {
				ALWAYS_SEARCH_USER_PATHS = NO;
				CLANG_ANALYZER_NONNULL = YES;
				CLANG_ANALYZER_NUMBER_OBJECT_CONVERSION = YES_AGGRESSIVE;
				CLANG_CXX_LANGUAGE_STANDARD = "gnu++14";
				CLANG_CXX_LIBRARY = "libc++";
				CLANG_ENABLE_MODULES = YES;
				CLANG_ENABLE_OBJC_ARC = YES;
				CLANG_ENABLE_OBJC_WEAK = YES;
				CLANG_WARN_BLOCK_CAPTURE_AUTORELEASING = YES;
				CLANG_WARN_BOOL_CONVERSION = YES;
				CLANG_WARN_COMMA = YES;
				CLANG_WARN_CONSTANT_CONVERSION = YES;
				CLANG_WARN_DEPRECATED_OBJC_IMPLEMENTATIONS = YES;
				CLANG_WARN_DIRECT_OBJC_ISA_USAGE = YES_ERROR;
				CLANG_WARN_DOCUMENTATION_COMMENTS = YES;
				CLANG_WARN_EMPTY_BODY = YES;
				CLANG_WARN_ENUM_CONVERSION = YES;
				CLANG_WARN_INFINITE_RECURSION = YES;
				CLANG_WARN_INT_CONVERSION = YES;
				CLANG_WARN_NON_LITERAL_NULL_CONVERSION = YES;
				CLANG_WARN_OBJC_IMPLICIT_RETAIN_SELF = YES;
				CLANG_WARN_OBJC_LITERAL_CONVERSION = YES;
				CLANG_WARN_OBJC_ROOT_CLASS = YES_ERROR;
				CLANG_WARN_RANGE_LOOP_ANALYSIS = YES;
				CLANG_WARN_STRICT_PROTOTYPES = YES;
				CLANG_WARN_SUSPICIOUS_MOVE = YES;
				CLANG_WARN_UNGUARDED_AVAILABILITY = YES_AGGRESSIVE;
				CLANG_WARN_UNREACHABLE_CODE = YES;
				CLANG_WARN__DUPLICATE_METHOD_MATCH = YES;
				CODE_SIGN_IDENTITY = "iPhone Developer";
				COPY_PHASE_STRIP = NO;
				DEBUG_INFORMATION_FORMAT = "dwarf-with-dsym";
				ENABLE_NS_ASSERTIONS = NO;
				ENABLE_STRICT_OBJC_MSGSEND = YES;
				GCC_C_LANGUAGE_STANDARD = gnu11;
				GCC_NO_COMMON_BLOCKS = YES;
				GCC_WARN_64_TO_32_BIT_CONVERSION = YES;
				GCC_WARN_ABOUT_RETURN_TYPE = YES_ERROR;
				GCC_WARN_UNDECLARED_SELECTOR = YES;
				GCC_WARN_UNINITIALIZED_AUTOS = YES_AGGRESSIVE;
				GCC_WARN_UNUSED_FUNCTION = YES;
				GCC_WARN_UNUSED_VARIABLE = YES;
				IPHONEOS_DEPLOYMENT_TARGET = 12.1;
				MTL_ENABLE_DEBUG_INFO = NO;
				MTL_FAST_MATH = YES;
				SDKROOT = iphoneos;
				VALIDATE_PRODUCT = YES;
			};
			name = Release;
		};
		C13A5E1121EDC4DE00493EE7 /* Debug */ = {
			isa = XCBuildConfiguration;
			baseConfigurationReference = 0B4CCD65CC6307E2717DA444 /* Pods-DayuDoctor.debug.xcconfig */;
			buildSettings = {
				ASSETCATALOG_COMPILER_APPICON_NAME = AppIcon;
				CLANG_WARN_OBJC_IMPLICIT_RETAIN_SELF = NO;
				CODE_SIGN_STYLE = Automatic;
				DEVELOPMENT_TEAM = 3WG4X3PL2V;
				GCC_PRECOMPILE_PREFIX_HEADER = YES;
				GCC_PREFIX_HEADER = DayuDoctor/General/PrefixHeader.pch;
				INFOPLIST_FILE = DayuDoctor/Info.plist;
				LD_RUNPATH_SEARCH_PATHS = (
					"$(inherited)",
					"@executable_path/Frameworks",
				);
				PRODUCT_BUNDLE_IDENTIFIER = DayuDoctor.DayuDoctor;
				PRODUCT_NAME = "$(TARGET_NAME)";
				TARGETED_DEVICE_FAMILY = "1,2";
			};
			name = Debug;
		};
		C13A5E1221EDC4DE00493EE7 /* Release */ = {
			isa = XCBuildConfiguration;
			baseConfigurationReference = 305D416D9155427EF958CAE3 /* Pods-DayuDoctor.release.xcconfig */;
			buildSettings = {
				ASSETCATALOG_COMPILER_APPICON_NAME = AppIcon;
				CLANG_WARN_OBJC_IMPLICIT_RETAIN_SELF = NO;
				CODE_SIGN_STYLE = Automatic;
				DEVELOPMENT_TEAM = 3WG4X3PL2V;
				GCC_PRECOMPILE_PREFIX_HEADER = YES;
				GCC_PREFIX_HEADER = DayuDoctor/General/PrefixHeader.pch;
				INFOPLIST_FILE = DayuDoctor/Info.plist;
				LD_RUNPATH_SEARCH_PATHS = (
					"$(inherited)",
					"@executable_path/Frameworks",
				);
				PRODUCT_BUNDLE_IDENTIFIER = DayuDoctor.DayuDoctor;
				PRODUCT_NAME = "$(TARGET_NAME)";
				TARGETED_DEVICE_FAMILY = "1,2";
			};
			name = Release;
		};
		C13A5E1421EDC4DE00493EE7 /* Debug */ = {
			isa = XCBuildConfiguration;
			buildSettings = {
				BUNDLE_LOADER = "$(TEST_HOST)";
				CODE_SIGN_STYLE = Automatic;
				INFOPLIST_FILE = DayuDoctorTests/Info.plist;
				LD_RUNPATH_SEARCH_PATHS = (
					"$(inherited)",
					"@executable_path/Frameworks",
					"@loader_path/Frameworks",
				);
				PRODUCT_BUNDLE_IDENTIFIER = DayuDoctor.DayuDoctorTests;
				PRODUCT_NAME = "$(TARGET_NAME)";
				TARGETED_DEVICE_FAMILY = "1,2";
				TEST_HOST = "$(BUILT_PRODUCTS_DIR)/DayuDoctor.app/DayuDoctor";
			};
			name = Debug;
		};
		C13A5E1521EDC4DE00493EE7 /* Release */ = {
			isa = XCBuildConfiguration;
			buildSettings = {
				BUNDLE_LOADER = "$(TEST_HOST)";
				CODE_SIGN_STYLE = Automatic;
				INFOPLIST_FILE = DayuDoctorTests/Info.plist;
				LD_RUNPATH_SEARCH_PATHS = (
					"$(inherited)",
					"@executable_path/Frameworks",
					"@loader_path/Frameworks",
				);
				PRODUCT_BUNDLE_IDENTIFIER = DayuDoctor.DayuDoctorTests;
				PRODUCT_NAME = "$(TARGET_NAME)";
				TARGETED_DEVICE_FAMILY = "1,2";
				TEST_HOST = "$(BUILT_PRODUCTS_DIR)/DayuDoctor.app/DayuDoctor";
			};
			name = Release;
		};
		C13A5E1721EDC4DE00493EE7 /* Debug */ = {
			isa = XCBuildConfiguration;
			buildSettings = {
				CODE_SIGN_STYLE = Automatic;
				INFOPLIST_FILE = DayuDoctorUITests/Info.plist;
				LD_RUNPATH_SEARCH_PATHS = (
					"$(inherited)",
					"@executable_path/Frameworks",
					"@loader_path/Frameworks",
				);
				PRODUCT_BUNDLE_IDENTIFIER = DayuDoctor.DayuDoctorUITests;
				PRODUCT_NAME = "$(TARGET_NAME)";
				TARGETED_DEVICE_FAMILY = "1,2";
				TEST_TARGET_NAME = DayuDoctor;
			};
			name = Debug;
		};
		C13A5E1821EDC4DE00493EE7 /* Release */ = {
			isa = XCBuildConfiguration;
			buildSettings = {
				CODE_SIGN_STYLE = Automatic;
				INFOPLIST_FILE = DayuDoctorUITests/Info.plist;
				LD_RUNPATH_SEARCH_PATHS = (
					"$(inherited)",
					"@executable_path/Frameworks",
					"@loader_path/Frameworks",
				);
				PRODUCT_BUNDLE_IDENTIFIER = DayuDoctor.DayuDoctorUITests;
				PRODUCT_NAME = "$(TARGET_NAME)";
				TARGETED_DEVICE_FAMILY = "1,2";
				TEST_TARGET_NAME = DayuDoctor;
			};
			name = Release;
		};
/* End XCBuildConfiguration section */

/* Begin XCConfigurationList section */
		C13A5DDF21EDC4DC00493EE7 /* Build configuration list for PBXProject "DayuDoctor" */ = {
			isa = XCConfigurationList;
			buildConfigurations = (
				C13A5E0E21EDC4DE00493EE7 /* Debug */,
				C13A5E0F21EDC4DE00493EE7 /* Release */,
			);
			defaultConfigurationIsVisible = 0;
			defaultConfigurationName = Release;
		};
		C13A5E1021EDC4DE00493EE7 /* Build configuration list for PBXNativeTarget "DayuDoctor" */ = {
			isa = XCConfigurationList;
			buildConfigurations = (
				C13A5E1121EDC4DE00493EE7 /* Debug */,
				C13A5E1221EDC4DE00493EE7 /* Release */,
			);
			defaultConfigurationIsVisible = 0;
			defaultConfigurationName = Release;
		};
		C13A5E1321EDC4DE00493EE7 /* Build configuration list for PBXNativeTarget "DayuDoctorTests" */ = {
			isa = XCConfigurationList;
			buildConfigurations = (
				C13A5E1421EDC4DE00493EE7 /* Debug */,
				C13A5E1521EDC4DE00493EE7 /* Release */,
			);
			defaultConfigurationIsVisible = 0;
			defaultConfigurationName = Release;
		};
		C13A5E1621EDC4DE00493EE7 /* Build configuration list for PBXNativeTarget "DayuDoctorUITests" */ = {
			isa = XCConfigurationList;
			buildConfigurations = (
				C13A5E1721EDC4DE00493EE7 /* Debug */,
				C13A5E1821EDC4DE00493EE7 /* Release */,
			);
			defaultConfigurationIsVisible = 0;
			defaultConfigurationName = Release;
		};
/* End XCConfigurationList section */
	};
	rootObject = C13A5DDC21EDC4DC00493EE7 /* Project object */;
}
